
Microsoft Visual Studio Solution File, Format Version 12.00
# Visual Studio 2017
Project("{FAE04EC0-301F-11D3-BF4B-00C04F79EFBC}") = "Practica Pathfind", "Practica Pathfind.csproj", "{ABDEDC13-F710-F318-9148-B66F1439C9CA}"
EndProject
Global
	GlobalSection(SolutionConfigurationPlatforms) = preSolution
		Debug|Any CPU = Debug|Any CPU
		Release|Any CPU = Release|Any CPU
	EndGlobalSection
	GlobalSection(ProjectConfigurationPlatforms) = postSolution
		{ABDEDC13-F710-F318-9148-B66F1439C9CA}.Debug|Any CPU.ActiveCfg = Debug|Any CPU
		{ABDEDC13-F710-F318-9148-B66F1439C9CA}.Debug|Any CPU.Build.0 = Debug|Any CPU
		{ABDEDC13-F710-F318-9148-B66F1439C9CA}.Release|Any CPU.ActiveCfg = Release|Any CPU
		{ABDEDC13-F710-F318-9148-B66F1439C9CA}.Release|Any CPU.Build.0 = Release|Any CPU
	EndGlobalSection
	GlobalSection(SolutionProperties) = preSolution
		HideSolutionNode = FALSE
	EndGlobalSection
EndGlobal
